
Microsoft Visual Studio Solution File, Format Version 12.00
# Visual Studio Version 16
VisualStudioVersion = 16.0.31911.196
MinimumVisualStudioVersion = 10.0.40219.1
Project("{2150E333-8FDC-42A3-9474-1A3956D46DE8}") = "Start", "Start", "{5EC23262-01C3-4EF8-8FFD-17076A1B74EF}"
EndProject
Project("{2150E333-8FDC-42A3-9474-1A3956D46DE8}") = "Service", "Service", "{EDD29D0C-17DD-49F2-A049-466CAA53E600}"
EndProject
Project("{2150E333-8FDC-42A3-9474-1A3956D46DE8}") = "DAL", "DAL", "{F00D5B82-A047-4445-A068-801A12E19636}"
EndProject
Project("{2150E333-8FDC-42A3-9474-1A3956D46DE8}") = "Common", "Common", "{A2ED392D-A5C8-4843-A578-B17008376C31}"
EndProject
Project("{9A19103F-16F7-4668-BE54-9A1E7A4F7556}") = "Server", "Server\Server.csproj", "{68E6AFBB-E31A-4507-9880-72F61A874811}"
EndProject
Project("{9A19103F-16F7-4668-BE54-9A1E7A4F7556}") = "ServerModel", "Common\ServerModel\ServerModel.csproj", "{6592058A-E641-4A8B-8631-D47FB5CF7FD4}"
EndProject
Project("{9A19103F-16F7-4668-BE54-9A1E7A4F7556}") = "ServerEFcore", "DAL\ServerEFcore\ServerEFcore.csproj", "{62B743FC-0469-4DC2-A554-2E554084C0B5}"
EndProject
Project("{9A19103F-16F7-4668-BE54-9A1E7A4F7556}") = "IService", "Service\IService\IService.csproj", "{B7F9276E-A19B-4003-8EE8-D73A22CEE612}"
EndProject
Project("{9A19103F-16F7-4668-BE54-9A1E7A4F7556}") = "Service", "Service\Service\Service.csproj", "{43FAD0D1-75C9-40C0-9C94-931A09A84A3B}"
EndProject
Project("{9A19103F-16F7-4668-BE54-9A1E7A4F7556}") = "IDAL", "DAL\IDbConfig\IDAL.csproj", "{DC63DE30-26A8-4E63-B280-98E88E8BB6B9}"
EndProject
Project("{9A19103F-16F7-4668-BE54-9A1E7A4F7556}") = "DAL", "DAL\DbConfig\DAL.csproj", "{BA996C6E-EEEB-4CDF-824A-5F2CD4A6CF0E}"
EndProject
Global
	GlobalSection(SolutionConfigurationPlatforms) = preSolution
		Debug|Any CPU = Debug|Any CPU
		Release|Any CPU = Release|Any CPU
	EndGlobalSection
	GlobalSection(ProjectConfigurationPlatforms) = postSolution
		{68E6AFBB-E31A-4507-9880-72F61A874811}.Debug|Any CPU.ActiveCfg = Debug|Any CPU
		{68E6AFBB-E31A-4507-9880-72F61A874811}.Debug|Any CPU.Build.0 = Debug|Any CPU
		{68E6AFBB-E31A-4507-9880-72F61A874811}.Release|Any CPU.ActiveCfg = Release|Any CPU
		{68E6AFBB-E31A-4507-9880-72F61A874811}.Release|Any CPU.Build.0 = Release|Any CPU
		{6592058A-E641-4A8B-8631-D47FB5CF7FD4}.Debug|Any CPU.ActiveCfg = Debug|Any CPU
		{6592058A-E641-4A8B-8631-D47FB5CF7FD4}.Debug|Any CPU.Build.0 = Debug|Any CPU
		{6592058A-E641-4A8B-8631-D47FB5CF7FD4}.Release|Any CPU.ActiveCfg = Release|Any CPU
		{6592058A-E641-4A8B-8631-D47FB5CF7FD4}.Release|Any CPU.Build.0 = Release|Any CPU
		{62B743FC-0469-4DC2-A554-2E554084C0B5}.Debug|Any CPU.ActiveCfg = Debug|Any CPU
		{62B743FC-0469-4DC2-A554-2E554084C0B5}.Debug|Any CPU.Build.0 = Debug|Any CPU
		{62B743FC-0469-4DC2-A554-2E554084C0B5}.Release|Any CPU.ActiveCfg = Release|Any CPU
		{62B743FC-0469-4DC2-A554-2E554084C0B5}.Release|Any CPU.Build.0 = Release|Any CPU
		{B7F9276E-A19B-4003-8EE8-D73A22CEE612}.Debug|Any CPU.ActiveCfg = Debug|Any CPU
		{B7F9276E-A19B-4003-8EE8-D73A22CEE612}.Debug|Any CPU.Build.0 = Debug|Any CPU
		{B7F9276E-A19B-4003-8EE8-D73A22CEE612}.Release|Any CPU.ActiveCfg = Release|Any CPU
		{B7F9276E-A19B-4003-8EE8-D73A22CEE612}.Release|Any CPU.Build.0 = Release|Any CPU
		{43FAD0D1-75C9-40C0-9C94-931A09A84A3B}.Debug|Any CPU.ActiveCfg = Debug|Any CPU
		{43FAD0D1-75C9-40C0-9C94-931A09A84A3B}.Debug|Any CPU.Build.0 = Debug|Any CPU
		{43FAD0D1-75C9-40C0-9C94-931A09A84A3B}.Release|Any CPU.ActiveCfg = Release|Any CPU
		{43FAD0D1-75C9-40C0-9C94-931A09A84A3B}.Release|Any CPU.Build.0 = Release|Any CPU
		{DC63DE30-26A8-4E63-B280-98E88E8BB6B9}.Debug|Any CPU.ActiveCfg = Debug|Any CPU
		{DC63DE30-26A8-4E63-B280-98E88E8BB6B9}.Debug|Any CPU.Build.0 = Debug|Any CPU
		{DC63DE30-26A8-4E63-B280-98E88E8BB6B9}.Release|Any CPU.ActiveCfg = Release|Any CPU
		{DC63DE30-26A8-4E63-B280-98E88E8BB6B9}.Release|Any CPU.Build.0 = Release|Any CPU
		{BA996C6E-EEEB-4CDF-824A-5F2CD4A6CF0E}.Debug|Any CPU.ActiveCfg = Debug|Any CPU
		{BA996C6E-EEEB-4CDF-824A-5F2CD4A6CF0E}.Debug|Any CPU.Build.0 = Debug|Any CPU
		{BA996C6E-EEEB-4CDF-824A-5F2CD4A6CF0E}.Release|Any CPU.ActiveCfg = Release|Any CPU
		{BA996C6E-EEEB-4CDF-824A-5F2CD4A6CF0E}.Release|Any CPU.Build.0 = Release|Any CPU
	EndGlobalSection
	GlobalSection(SolutionProperties) = preSolution
		HideSolutionNode = FALSE
	EndGlobalSection
	GlobalSection(NestedProjects) = preSolution
		{68E6AFBB-E31A-4507-9880-72F61A874811} = {5EC23262-01C3-4EF8-8FFD-17076A1B74EF}
		{6592058A-E641-4A8B-8631-D47FB5CF7FD4} = {A2ED392D-A5C8-4843-A578-B17008376C31}
		{62B743FC-0469-4DC2-A554-2E554084C0B5} = {F00D5B82-A047-4445-A068-801A12E19636}
		{B7F9276E-A19B-4003-8EE8-D73A22CEE612} = {EDD29D0C-17DD-49F2-A049-466CAA53E600}
		{43FAD0D1-75C9-40C0-9C94-931A09A84A3B} = {EDD29D0C-17DD-49F2-A049-466CAA53E600}
		{DC63DE30-26A8-4E63-B280-98E88E8BB6B9} = {F00D5B82-A047-4445-A068-801A12E19636}
		{BA996C6E-EEEB-4CDF-824A-5F2CD4A6CF0E} = {F00D5B82-A047-4445-A068-801A12E19636}
	EndGlobalSection
	GlobalSection(ExtensibilityGlobals) = postSolution
		SolutionGuid = {95EA2818-479D-483D-AFF9-C18DABF915DE}
	EndGlobalSection
EndGlobal
